
Microsoft Visual Studio Solution File, Format Version 12.00
# Visual Studio Version 16
VisualStudioVersion = 16.0.30225.117
MinimumVisualStudioVersion = 10.0.40219.1
Project("{9A19103F-16F7-4668-BE54-9A1E7A4F7556}") = "Languago", "Languago\Languago.csproj", "{95C9FE0D-F95B-44DE-ACE2-C0DC7F575310}"
EndProject
Global
	GlobalSection(SolutionConfigurationPlatforms) = preSolution
		Debug|Any CPU = Debug|Any CPU
		Release|Any CPU = Release|Any CPU
	EndGlobalSection
	GlobalSection(ProjectConfigurationPlatforms) = postSolution
		{95C9FE0D-F95B-44DE-ACE2-C0DC7F575310}.Debug|Any CPU.ActiveCfg = Debug|Any CPU
		{95C9FE0D-F95B-44DE-ACE2-C0DC7F575310}.Debug|Any CPU.Build.0 = Debug|Any CPU
		{95C9FE0D-F95B-44DE-ACE2-C0DC7F575310}.Release|Any CPU.ActiveCfg = Release|Any CPU
		{95C9FE0D-F95B-44DE-ACE2-C0DC7F575310}.Release|Any CPU.Build.0 = Release|Any CPU
	EndGlobalSection
	GlobalSection(SolutionProperties) = preSolution
		HideSolutionNode = FALSE
	EndGlobalSection
	GlobalSection(ExtensibilityGlobals) = postSolution
		SolutionGuid = {D31DD854-4B82-4BB9-8098-C9C559EFED51}
	EndGlobalSection
EndGlobal
